// !$*UTF8*$!
{
	archiveVersion = 1;
	classes = {
	};
	objectVersion = 46;
	objects = {

/* Begin PBXBuildFile section */
		6A3ED9321EB9F290001E671B /* Beer+CoreDataClass.swift in Sources */ = {isa = PBXBuildFile; fileRef = 6A3ED9301EB9F290001E671B /* Beer+CoreDataClass.swift */; };
		6A3ED9331EB9F290001E671B /* Beer+CoreDataProperties.swift in Sources */ = {isa = PBXBuildFile; fileRef = 6A3ED9311EB9F290001E671B /* Beer+CoreDataProperties.swift */; };
		6AEA25AD1E9CCE8500FCBE6E /* MapAnnotation.swift in Sources */ = {isa = PBXBuildFile; fileRef = 6AEA25AC1E9CCE8500FCBE6E /* MapAnnotation.swift */; };
		BC0733081E94FA4D0045DB64 /* Favourites.swift in Sources */ = {isa = PBXBuildFile; fileRef = BC0733071E94FA4D0045DB64 /* Favourites.swift */; };
		BC07330A1E94FDC20045DB64 /* BeerList.swift in Sources */ = {isa = PBXBuildFile; fileRef = BC0733091E94FDC20045DB64 /* BeerList.swift */; };
		BC19E9C21EB88A4600349F30 /* CurrentVersion+CoreDataClass.swift in Sources */ = {isa = PBXBuildFile; fileRef = BC19E9BC1EB88A4600349F30 /* CurrentVersion+CoreDataClass.swift */; };
		BC19E9C31EB88A4600349F30 /* CurrentVersion+CoreDataProperties.swift in Sources */ = {isa = PBXBuildFile; fileRef = BC19E9BD1EB88A4600349F30 /* CurrentVersion+CoreDataProperties.swift */; };
		BC19E9C61EB88A4600349F30 /* Bar+CoreDataClass.swift in Sources */ = {isa = PBXBuildFile; fileRef = BC19E9C01EB88A4600349F30 /* Bar+CoreDataClass.swift */; };
		BC19E9C71EB88A4600349F30 /* Bar+CoreDataProperties.swift in Sources */ = {isa = PBXBuildFile; fileRef = BC19E9C11EB88A4600349F30 /* Bar+CoreDataProperties.swift */; };
		BC44F5B21EA76AEA00F20AB0 /* BeerViewController.swift in Sources */ = {isa = PBXBuildFile; fileRef = BC44F5B11EA76AEA00F20AB0 /* BeerViewController.swift */; };
		BC784C5C1E924EA800CF0B57 /* AppDelegate.swift in Sources */ = {isa = PBXBuildFile; fileRef = BC784C5B1E924EA800CF0B57 /* AppDelegate.swift */; };
		BC784C5E1E924EA800CF0B57 /* ViewController.swift in Sources */ = {isa = PBXBuildFile; fileRef = BC784C5D1E924EA800CF0B57 /* ViewController.swift */; };
		BC784C611E924EA800CF0B57 /* Main.storyboard in Resources */ = {isa = PBXBuildFile; fileRef = BC784C5F1E924EA800CF0B57 /* Main.storyboard */; };
		BC784C631E924EA800CF0B57 /* Assets.xcassets in Resources */ = {isa = PBXBuildFile; fileRef = BC784C621E924EA800CF0B57 /* Assets.xcassets */; };
		BC784C661E924EA800CF0B57 /* LaunchScreen.storyboard in Resources */ = {isa = PBXBuildFile; fileRef = BC784C641E924EA800CF0B57 /* LaunchScreen.storyboard */; };
		BC784C711E924EA800CF0B57 /* BeerPingTests.swift in Sources */ = {isa = PBXBuildFile; fileRef = BC784C701E924EA800CF0B57 /* BeerPingTests.swift */; };
		BCD7E7E31E9B952100490E66 /* BeerPing.xcdatamodeld in Sources */ = {isa = PBXBuildFile; fileRef = BCD7E7E11E9B952100490E66 /* BeerPing.xcdatamodeld */; };
		BCD7E7EB1E9B971C00490E66 /* DatabaseController.swift in Sources */ = {isa = PBXBuildFile; fileRef = BCD7E7EA1E9B971C00490E66 /* DatabaseController.swift */; };
		BCDC64A71E9CD140009F2A06 /* BarTableViewController.swift in Sources */ = {isa = PBXBuildFile; fileRef = BCDC64A61E9CD140009F2A06 /* BarTableViewController.swift */; };
		BCDC64A91E9CD2CE009F2A06 /* BarTableViewCell.swift in Sources */ = {isa = PBXBuildFile; fileRef = BCDC64A81E9CD2CE009F2A06 /* BarTableViewCell.swift */; };
		BCDC64AB1E9CF4A6009F2A06 /* BeerTableViewController.swift in Sources */ = {isa = PBXBuildFile; fileRef = BCDC64AA1E9CF4A6009F2A06 /* BeerTableViewController.swift */; };
		BCDC64AF1E9CF6FF009F2A06 /* BeerTableViewCell.swift in Sources */ = {isa = PBXBuildFile; fileRef = BCDC64AE1E9CF6FF009F2A06 /* BeerTableViewCell.swift */; };
/* End PBXBuildFile section */

/* Begin PBXContainerItemProxy section */
		BC784C6D1E924EA800CF0B57 /* PBXContainerItemProxy */ = {
			isa = PBXContainerItemProxy;
			containerPortal = BC784C501E924EA800CF0B57 /* Project object */;
			proxyType = 1;
			remoteGlobalIDString = BC784C571E924EA800CF0B57;
			remoteInfo = BeerPing;
		};
/* End PBXContainerItemProxy section */

/* Begin PBXFileReference section */
		6A3ED9301EB9F290001E671B /* Beer+CoreDataClass.swift */ = {isa = PBXFileReference; fileEncoding = 4; lastKnownFileType = sourcecode.swift; name = "Beer+CoreDataClass.swift"; path = "../Beer+CoreDataClass.swift"; sourceTree = "<group>"; };
		6A3ED9311EB9F290001E671B /* Beer+CoreDataProperties.swift */ = {isa = PBXFileReference; fileEncoding = 4; lastKnownFileType = sourcecode.swift; name = "Beer+CoreDataProperties.swift"; path = "../Beer+CoreDataProperties.swift"; sourceTree = "<group>"; };
		6AEA25AC1E9CCE8500FCBE6E /* MapAnnotation.swift */ = {isa = PBXFileReference; fileEncoding = 4; lastKnownFileType = sourcecode.swift; path = MapAnnotation.swift; sourceTree = "<group>"; };
		BC0733071E94FA4D0045DB64 /* Favourites.swift */ = {isa = PBXFileReference; fileEncoding = 4; lastKnownFileType = sourcecode.swift; path = Favourites.swift; sourceTree = "<group>"; };
		BC0733091E94FDC20045DB64 /* BeerList.swift */ = {isa = PBXFileReference; fileEncoding = 4; lastKnownFileType = sourcecode.swift; path = BeerList.swift; sourceTree = "<group>"; };
		BC19E9BC1EB88A4600349F30 /* CurrentVersion+CoreDataClass.swift */ = {isa = PBXFileReference; fileEncoding = 4; lastKnownFileType = sourcecode.swift; name = "CurrentVersion+CoreDataClass.swift"; path = "BeerPingModels/CurrentVersion+CoreDataClass.swift"; sourceTree = SOURCE_ROOT; };
		BC19E9BD1EB88A4600349F30 /* CurrentVersion+CoreDataProperties.swift */ = {isa = PBXFileReference; fileEncoding = 4; lastKnownFileType = sourcecode.swift; name = "CurrentVersion+CoreDataProperties.swift"; path = "BeerPingModels/CurrentVersion+CoreDataProperties.swift"; sourceTree = SOURCE_ROOT; };
		BC19E9C01EB88A4600349F30 /* Bar+CoreDataClass.swift */ = {isa = PBXFileReference; fileEncoding = 4; lastKnownFileType = sourcecode.swift; name = "Bar+CoreDataClass.swift"; path = "BeerPingModels/Bar+CoreDataClass.swift"; sourceTree = SOURCE_ROOT; };
		BC19E9C11EB88A4600349F30 /* Bar+CoreDataProperties.swift */ = {isa = PBXFileReference; fileEncoding = 4; lastKnownFileType = sourcecode.swift; name = "Bar+CoreDataProperties.swift"; path = "BeerPingModels/Bar+CoreDataProperties.swift"; sourceTree = SOURCE_ROOT; };
		BC44F5B11EA76AEA00F20AB0 /* BeerViewController.swift */ = {isa = PBXFileReference; fileEncoding = 4; lastKnownFileType = sourcecode.swift; path = BeerViewController.swift; sourceTree = "<group>"; };
		BC784C581E924EA800CF0B57 /* BeerPing.app */ = {isa = PBXFileReference; explicitFileType = wrapper.application; includeInIndex = 0; path = BeerPing.app; sourceTree = BUILT_PRODUCTS_DIR; };
		BC784C5B1E924EA800CF0B57 /* AppDelegate.swift */ = {isa = PBXFileReference; lastKnownFileType = sourcecode.swift; path = AppDelegate.swift; sourceTree = "<group>"; };
		BC784C5D1E924EA800CF0B57 /* ViewController.swift */ = {isa = PBXFileReference; lastKnownFileType = sourcecode.swift; path = ViewController.swift; sourceTree = "<group>"; };
		BC784C601E924EA800CF0B57 /* Base */ = {isa = PBXFileReference; lastKnownFileType = file.storyboard; name = Base; path = Base.lproj/Main.storyboard; sourceTree = "<group>"; };
		BC784C621E924EA800CF0B57 /* Assets.xcassets */ = {isa = PBXFileReference; lastKnownFileType = folder.assetcatalog; path = Assets.xcassets; sourceTree = "<group>"; };
		BC784C651E924EA800CF0B57 /* Base */ = {isa = PBXFileReference; lastKnownFileType = file.storyboard; name = Base; path = Base.lproj/LaunchScreen.storyboard; sourceTree = "<group>"; };
		BC784C671E924EA800CF0B57 /* Info.plist */ = {isa = PBXFileReference; lastKnownFileType = text.plist.xml; path = Info.plist; sourceTree = "<group>"; };
		BC784C6C1E924EA800CF0B57 /* BeerPingTests.xctest */ = {isa = PBXFileReference; explicitFileType = wrapper.cfbundle; includeInIndex = 0; path = BeerPingTests.xctest; sourceTree = BUILT_PRODUCTS_DIR; };
		BC784C701E924EA800CF0B57 /* BeerPingTests.swift */ = {isa = PBXFileReference; lastKnownFileType = sourcecode.swift; path = BeerPingTests.swift; sourceTree = "<group>"; };
		BC784C721E924EA800CF0B57 /* Info.plist */ = {isa = PBXFileReference; lastKnownFileType = text.plist.xml; path = Info.plist; sourceTree = "<group>"; };
		BCD7E7E21E9B952100490E66 /* BeerPing.xcdatamodel */ = {isa = PBXFileReference; lastKnownFileType = wrapper.xcdatamodel; path = BeerPing.xcdatamodel; sourceTree = "<group>"; };
		BCD7E7EA1E9B971C00490E66 /* DatabaseController.swift */ = {isa = PBXFileReference; fileEncoding = 4; lastKnownFileType = sourcecode.swift; path = DatabaseController.swift; sourceTree = "<group>"; };
		BCDC64A61E9CD140009F2A06 /* BarTableViewController.swift */ = {isa = PBXFileReference; fileEncoding = 4; lastKnownFileType = sourcecode.swift; path = BarTableViewController.swift; sourceTree = "<group>"; };
		BCDC64A81E9CD2CE009F2A06 /* BarTableViewCell.swift */ = {isa = PBXFileReference; fileEncoding = 4; lastKnownFileType = sourcecode.swift; path = BarTableViewCell.swift; sourceTree = "<group>"; };
		BCDC64AA1E9CF4A6009F2A06 /* BeerTableViewController.swift */ = {isa = PBXFileReference; fileEncoding = 4; lastKnownFileType = sourcecode.swift; path = BeerTableViewController.swift; sourceTree = "<group>"; };
		BCDC64AE1E9CF6FF009F2A06 /* BeerTableViewCell.swift */ = {isa = PBXFileReference; fileEncoding = 4; lastKnownFileType = sourcecode.swift; path = BeerTableViewCell.swift; sourceTree = "<group>"; };
/* End PBXFileReference section */

/* Begin PBXFrameworksBuildPhase section */
		BC784C551E924EA800CF0B57 /* Frameworks */ = {
			isa = PBXFrameworksBuildPhase;
			buildActionMask = 2147483647;
			files = (
			);
			runOnlyForDeploymentPostprocessing = 0;
		};
		BC784C691E924EA800CF0B57 /* Frameworks */ = {
			isa = PBXFrameworksBuildPhase;
			buildActionMask = 2147483647;
			files = (
			);
			runOnlyForDeploymentPostprocessing = 0;
		};
/* End PBXFrameworksBuildPhase section */

/* Begin PBXGroup section */
		BC19E9AC1EB8852C00349F30 /* Frameworks */ = {
			isa = PBXGroup;
			children = (
			);
			name = Frameworks;
			sourceTree = "<group>";
		};
		BC3E48371E9E07C90007A0DB /* EntityClasses */ = {
			isa = PBXGroup;
			children = (
				6A3ED9301EB9F290001E671B /* Beer+CoreDataClass.swift */,
				6A3ED9311EB9F290001E671B /* Beer+CoreDataProperties.swift */,
				BC19E9BC1EB88A4600349F30 /* CurrentVersion+CoreDataClass.swift */,
				BC19E9BD1EB88A4600349F30 /* CurrentVersion+CoreDataProperties.swift */,
				BC19E9C01EB88A4600349F30 /* Bar+CoreDataClass.swift */,
				BC19E9C11EB88A4600349F30 /* Bar+CoreDataProperties.swift */,
			);
			name = EntityClasses;
			sourceTree = "<group>";
		};
		BC784C4F1E924EA800CF0B57 = {
			isa = PBXGroup;
			children = (
				BC784C5A1E924EA800CF0B57 /* BeerPing */,
				BC784C6F1E924EA800CF0B57 /* BeerPingTests */,
				BC784C591E924EA800CF0B57 /* Products */,
				BC19E9AC1EB8852C00349F30 /* Frameworks */,
			);
			sourceTree = "<group>";
		};
		BC784C591E924EA800CF0B57 /* Products */ = {
			isa = PBXGroup;
			children = (
				BC784C581E924EA800CF0B57 /* BeerPing.app */,
				BC784C6C1E924EA800CF0B57 /* BeerPingTests.xctest */,
			);
			name = Products;
			sourceTree = "<group>";
		};
		BC784C5A1E924EA800CF0B57 /* BeerPing */ = {
			isa = PBXGroup;
			children = (
				BC784C5B1E924EA800CF0B57 /* AppDelegate.swift */,
				6AEA25AC1E9CCE8500FCBE6E /* MapAnnotation.swift */,
				BC784C5D1E924EA800CF0B57 /* ViewController.swift */,
				BCDC64A81E9CD2CE009F2A06 /* BarTableViewCell.swift */,
				BCD7E7EA1E9B971C00490E66 /* DatabaseController.swift */,
				BCDC64A61E9CD140009F2A06 /* BarTableViewController.swift */,
				BCDC64AA1E9CF4A6009F2A06 /* BeerTableViewController.swift */,
				BCDC64AE1E9CF6FF009F2A06 /* BeerTableViewCell.swift */,
				BC44F5B11EA76AEA00F20AB0 /* BeerViewController.swift */,
				BC3E48371E9E07C90007A0DB /* EntityClasses */,
				BC0733071E94FA4D0045DB64 /* Favourites.swift */,
				BC0733091E94FDC20045DB64 /* BeerList.swift */,
				BC784C5F1E924EA800CF0B57 /* Main.storyboard */,
				BC784C621E924EA800CF0B57 /* Assets.xcassets */,
				BC784C671E924EA800CF0B57 /* Info.plist */,
				BC784C641E924EA800CF0B57 /* LaunchScreen.storyboard */,
				BCD7E7E11E9B952100490E66 /* BeerPing.xcdatamodeld */,
			);
			path = BeerPing;
			sourceTree = "<group>";
		};
		BC784C6F1E924EA800CF0B57 /* BeerPingTests */ = {
			isa = PBXGroup;
			children = (
				BC784C701E924EA800CF0B57 /* BeerPingTests.swift */,
				BC784C721E924EA800CF0B57 /* Info.plist */,
			);
			path = BeerPingTests;
			sourceTree = "<group>";
		};
/* End PBXGroup section */

/* Begin PBXNativeTarget section */
		BC784C571E924EA800CF0B57 /* BeerPing */ = {
			isa = PBXNativeTarget;
			buildConfigurationList = BC784C751E924EA800CF0B57 /* Build configuration list for PBXNativeTarget "BeerPing" */;
			buildPhases = (
				BC784C541E924EA800CF0B57 /* Sources */,
				BC784C551E924EA800CF0B57 /* Frameworks */,
				BC784C561E924EA800CF0B57 /* Resources */,
			);
			buildRules = (
			);
			dependencies = (
			);
			name = BeerPing;
			productName = BeerPing;
			productReference = BC784C581E924EA800CF0B57 /* BeerPing.app */;
			productType = "com.apple.product-type.application";
		};
		BC784C6B1E924EA800CF0B57 /* BeerPingTests */ = {
			isa = PBXNativeTarget;
			buildConfigurationList = BC784C781E924EA800CF0B57 /* Build configuration list for PBXNativeTarget "BeerPingTests" */;
			buildPhases = (
				BC784C681E924EA800CF0B57 /* Sources */,
				BC784C691E924EA800CF0B57 /* Frameworks */,
				BC784C6A1E924EA800CF0B57 /* Resources */,
			);
			buildRules = (
			);
			dependencies = (
				BC784C6E1E924EA800CF0B57 /* PBXTargetDependency */,
			);
			name = BeerPingTests;
			productName = BeerPingTests;
			productReference = BC784C6C1E924EA800CF0B57 /* BeerPingTests.xctest */;
			productType = "com.apple.product-type.bundle.unit-test";
		};
/* End PBXNativeTarget section */

/* Begin PBXProject section */
		BC784C501E924EA800CF0B57 /* Project object */ = {
			isa = PBXProject;
			attributes = {
				LastSwiftUpdateCheck = 0830;
				LastUpgradeCheck = 0830;
				ORGANIZATIONNAME = BeerBluds;
				TargetAttributes = {
					BC784C571E924EA800CF0B57 = {
						CreatedOnToolsVersion = 8.3;
						DevelopmentTeam = RFM2A4L28R;
						ProvisioningStyle = Automatic;
					};
					BC784C6B1E924EA800CF0B57 = {
						CreatedOnToolsVersion = 8.3;
						ProvisioningStyle = Automatic;
						TestTargetID = BC784C571E924EA800CF0B57;
					};
				};
			};
			buildConfigurationList = BC784C531E924EA800CF0B57 /* Build configuration list for PBXProject "BeerPing" */;
			compatibilityVersion = "Xcode 3.2";
			developmentRegion = English;
			hasScannedForEncodings = 0;
			knownRegions = (
				en,
				Base,
			);
			mainGroup = BC784C4F1E924EA800CF0B57;
			productRefGroup = BC784C591E924EA800CF0B57 /* Products */;
			projectDirPath = "";
			projectRoot = "";
			targets = (
				BC784C571E924EA800CF0B57 /* BeerPing */,
				BC784C6B1E924EA800CF0B57 /* BeerPingTests */,
			);
		};
/* End PBXProject section */

/* Begin PBXResourcesBuildPhase section */
		BC784C561E924EA800CF0B57 /* Resources */ = {
			isa = PBXResourcesBuildPhase;
			buildActionMask = 2147483647;
			files = (
				BC784C661E924EA800CF0B57 /* LaunchScreen.storyboard in Resources */,
				BC784C631E924EA800CF0B57 /* Assets.xcassets in Resources */,
				BC784C611E924EA800CF0B57 /* Main.storyboard in Resources */,
			);
			runOnlyForDeploymentPostprocessing = 0;
		};
		BC784C6A1E924EA800CF0B57 /* Resources */ = {
			isa = PBXResourcesBuildPhase;
			buildActionMask = 2147483647;
			files = (
			);
			runOnlyForDeploymentPostprocessing = 0;
		};
/* End PBXResourcesBuildPhase section */

/* Begin PBXSourcesBuildPhase section */
		BC784C541E924EA800CF0B57 /* Sources */ = {
			isa = PBXSourcesBuildPhase;
			buildActionMask = 2147483647;
			files = (
				BC0733081E94FA4D0045DB64 /* Favourites.swift in Sources */,
				BC784C5E1E924EA800CF0B57 /* ViewController.swift in Sources */,
				BCD7E7E31E9B952100490E66 /* BeerPing.xcdatamodeld in Sources */,
				6A3ED9321EB9F290001E671B /* Beer+CoreDataClass.swift in Sources */,
				BC19E9C61EB88A4600349F30 /* Bar+CoreDataClass.swift in Sources */,
				BC784C5C1E924EA800CF0B57 /* AppDelegate.swift in Sources */,
				BC44F5B21EA76AEA00F20AB0 /* BeerViewController.swift in Sources */,
				6AEA25AD1E9CCE8500FCBE6E /* MapAnnotation.swift in Sources */,
				BCDC64A91E9CD2CE009F2A06 /* BarTableViewCell.swift in Sources */,
				BCDC64AF1E9CF6FF009F2A06 /* BeerTableViewCell.swift in Sources */,
				BC19E9C21EB88A4600349F30 /* CurrentVersion+CoreDataClass.swift in Sources */,
				BCD7E7EB1E9B971C00490E66 /* DatabaseController.swift in Sources */,
				BC19E9C71EB88A4600349F30 /* Bar+CoreDataProperties.swift in Sources */,
				BC19E9C31EB88A4600349F30 /* CurrentVersion+CoreDataProperties.swift in Sources */,
				BCDC64A71E9CD140009F2A06 /* BarTableViewController.swift in Sources */,
				6A3ED9331EB9F290001E671B /* Beer+CoreDataProperties.swift in Sources */,
				BC07330A1E94FDC20045DB64 /* BeerList.swift in Sources */,
				BCDC64AB1E9CF4A6009F2A06 /* BeerTableViewController.swift in Sources */,
			);
			runOnlyForDeploymentPostprocessing = 0;
		};
		BC784C681E924EA800CF0B57 /* Sources */ = {
			isa = PBXSourcesBuildPhase;
			buildActionMask = 2147483647;
			files = (
				BC784C711E924EA800CF0B57 /* BeerPingTests.swift in Sources */,
			);
			runOnlyForDeploymentPostprocessing = 0;
		};
/* End PBXSourcesBuildPhase section */

/* Begin PBXTargetDependency section */
		BC784C6E1E924EA800CF0B57 /* PBXTargetDependency */ = {
			isa = PBXTargetDependency;
			target = BC784C571E924EA800CF0B57 /* BeerPing */;
			targetProxy = BC784C6D1E924EA800CF0B57 /* PBXContainerItemProxy */;
		};
/* End PBXTargetDependency section */

/* Begin PBXVariantGroup section */
		BC784C5F1E924EA800CF0B57 /* Main.storyboard */ = {
			isa = PBXVariantGroup;
			children = (
				BC784C601E924EA800CF0B57 /* Base */,
			);
			name = Main.storyboard;
			sourceTree = "<group>";
		};
		BC784C641E924EA800CF0B57 /* LaunchScreen.storyboard */ = {
			isa = PBXVariantGroup;
			children = (
				BC784C651E924EA800CF0B57 /* Base */,
			);
			name = LaunchScreen.storyboard;
			sourceTree = "<group>";
		};
/* End PBXVariantGroup section */

/* Begin XCBuildConfiguration section */
		BC784C731E924EA800CF0B57 /* Debug */ = {
			isa = XCBuildConfiguration;
			buildSettings = {
				ALWAYS_SEARCH_USER_PATHS = NO;
				CLANG_ANALYZER_NONNULL = YES;
				CLANG_ANALYZER_NUMBER_OBJECT_CONVERSION = YES_AGGRESSIVE;
				CLANG_CXX_LANGUAGE_STANDARD = "gnu++0x";
				CLANG_CXX_LIBRARY = "libc++";
				CLANG_ENABLE_MODULES = YES;
				CLANG_ENABLE_OBJC_ARC = YES;
				CLANG_WARN_BOOL_CONVERSION = YES;
				CLANG_WARN_CONSTANT_CONVERSION = YES;
				CLANG_WARN_DIRECT_OBJC_ISA_USAGE = YES_ERROR;
				CLANG_WARN_DOCUMENTATION_COMMENTS = YES;
				CLANG_WARN_EMPTY_BODY = YES;
				CLANG_WARN_ENUM_CONVERSION = YES;
				CLANG_WARN_INFINITE_RECURSION = YES;
				CLANG_WARN_INT_CONVERSION = YES;
				CLANG_WARN_OBJC_ROOT_CLASS = YES_ERROR;
				CLANG_WARN_SUSPICIOUS_MOVE = YES;
				CLANG_WARN_UNREACHABLE_CODE = YES;
				CLANG_WARN__DUPLICATE_METHOD_MATCH = YES;
				"CODE_SIGN_IDENTITY[sdk=iphoneos*]" = "iPhone Developer";
				COPY_PHASE_STRIP = NO;
				DEBUG_INFORMATION_FORMAT = dwarf;
				ENABLE_STRICT_OBJC_MSGSEND = YES;
				ENABLE_TESTABILITY = YES;
				GCC_C_LANGUAGE_STANDARD = gnu99;
				GCC_DYNAMIC_NO_PIC = NO;
				GCC_NO_COMMON_BLOCKS = YES;
				GCC_OPTIMIZATION_LEVEL = 0;
				GCC_PREPROCESSOR_DEFINITIONS = (
					"DEBUG=1",
					"$(inherited)",
				);
				GCC_WARN_64_TO_32_BIT_CONVERSION = YES;
				GCC_WARN_ABOUT_RETURN_TYPE = YES_ERROR;
				GCC_WARN_UNDECLARED_SELECTOR = YES;
				GCC_WARN_UNINITIALIZED_AUTOS = YES_AGGRESSIVE;
				GCC_WARN_UNUSED_FUNCTION = YES;
				GCC_WARN_UNUSED_VARIABLE = YES;
				IPHONEOS_DEPLOYMENT_TARGET = 10.2;
				MTL_ENABLE_DEBUG_INFO = YES;
				ONLY_ACTIVE_ARCH = YES;
				SDKROOT = iphoneos;
				SWIFT_ACTIVE_COMPILATION_CONDITIONS = DEBUG;
				SWIFT_OPTIMIZATION_LEVEL = "-Onone";
			};
			name = Debug;
		};
		BC784C741E924EA800CF0B57 /* Release */ = {
			isa = XCBuildConfiguration;
			buildSettings = {
				ALWAYS_SEARCH_USER_PATHS = NO;
				CLANG_ANALYZER_NONNULL = YES;
				CLANG_ANALYZER_NUMBER_OBJECT_CONVERSION = YES_AGGRESSIVE;
				CLANG_CXX_LANGUAGE_STANDARD = "gnu++0x";
				CLANG_CXX_LIBRARY = "libc++";
				CLANG_ENABLE_MODULES = YES;
				CLANG_ENABLE_OBJC_ARC = YES;
				CLANG_WARN_BOOL_CONVERSION = YES;
				CLANG_WARN_CONSTANT_CONVERSION = YES;
				CLANG_WARN_DIRECT_OBJC_ISA_USAGE = YES_ERROR;
				CLANG_WARN_DOCUMENTATION_COMMENTS = YES;
				CLANG_WARN_EMPTY_BODY = YES;
				CLANG_WARN_ENUM_CONVERSION = YES;
				CLANG_WARN_INFINITE_RECURSION = YES;
				CLANG_WARN_INT_CONVERSION = YES;
				CLANG_WARN_OBJC_ROOT_CLASS = YES_ERROR;
				CLANG_WARN_SUSPICIOUS_MOVE = YES;
				CLANG_WARN_UNREACHABLE_CODE = YES;
				CLANG_WARN__DUPLICATE_METHOD_MATCH = YES;
				"CODE_SIGN_IDENTITY[sdk=iphoneos*]" = "iPhone Developer";
				COPY_PHASE_STRIP = NO;
				DEBUG_INFORMATION_FORMAT = "dwarf-with-dsym";
				ENABLE_NS_ASSERTIONS = NO;
				ENABLE_STRICT_OBJC_MSGSEND = YES;
				GCC_C_LANGUAGE_STANDARD = gnu99;
				GCC_NO_COMMON_BLOCKS = YES;
				GCC_WARN_64_TO_32_BIT_CONVERSION = YES;
				GCC_WARN_ABOUT_RETURN_TYPE = YES_ERROR;
				GCC_WARN_UNDECLARED_SELECTOR = YES;
				GCC_WARN_UNINITIALIZED_AUTOS = YES_AGGRESSIVE;
				GCC_WARN_UNUSED_FUNCTION = YES;
				GCC_WARN_UNUSED_VARIABLE = YES;
				IPHONEOS_DEPLOYMENT_TARGET = 10.2;
				MTL_ENABLE_DEBUG_INFO = NO;
				SDKROOT = iphoneos;
				SWIFT_OPTIMIZATION_LEVEL = "-Owholemodule";
				VALIDATE_PRODUCT = YES;
			};
			name = Release;
		};
		BC784C761E924EA800CF0B57 /* Debug */ = {
			isa = XCBuildConfiguration;
			buildSettings = {
				ASSETCATALOG_COMPILER_APPICON_NAME = AppIcon;
				"CODE_SIGN_IDENTITY[sdk=iphoneos*]" = "iPhone Developer";
				DEVELOPMENT_TEAM = RFM2A4L28R;
				INFOPLIST_FILE = BeerPing/Info.plist;
				IPHONEOS_DEPLOYMENT_TARGET = 10.2;
				LD_RUNPATH_SEARCH_PATHS = "$(inherited) @executable_path/Frameworks";
				PRODUCT_BUNDLE_IDENTIFIER = BeerPing;
				PRODUCT_NAME = "$(TARGET_NAME)";
				PROVISIONING_PROFILE_SPECIFIER = "";
				SWIFT_VERSION = 3.0;
			};
			name = Debug;
		};
		BC784C771E924EA800CF0B57 /* Release */ = {
			isa = XCBuildConfiguration;
			buildSettings = {
				ASSETCATALOG_COMPILER_APPICON_NAME = AppIcon;
				"CODE_SIGN_IDENTITY[sdk=iphoneos*]" = "iPhone Developer";
				DEVELOPMENT_TEAM = RFM2A4L28R;
				INFOPLIST_FILE = BeerPing/Info.plist;
				IPHONEOS_DEPLOYMENT_TARGET = 10.2;
				LD_RUNPATH_SEARCH_PATHS = "$(inherited) @executable_path/Frameworks";
				PRODUCT_BUNDLE_IDENTIFIER = BeerPing;
				PRODUCT_NAME = "$(TARGET_NAME)";
				PROVISIONING_PROFILE_SPECIFIER = "";
				SWIFT_VERSION = 3.0;
			};
			name = Release;
		};
		BC784C791E924EA800CF0B57 /* Debug */ = {
			isa = XCBuildConfiguration;
			buildSettings = {
				ALWAYS_EMBED_SWIFT_STANDARD_LIBRARIES = YES;
				BUNDLE_LOADER = "$(TEST_HOST)";
				INFOPLIST_FILE = BeerPingTests/Info.plist;
				LD_RUNPATH_SEARCH_PATHS = "$(inherited) @executable_path/Frameworks @loader_path/Frameworks";
				PRODUCT_BUNDLE_IDENTIFIER = BeerBluds.BeerPingTests;
				PRODUCT_NAME = "$(TARGET_NAME)";
				SWIFT_VERSION = 3.0;
				TEST_HOST = "$(BUILT_PRODUCTS_DIR)/BeerPing.app/BeerPing";
			};
			name = Debug;
		};
		BC784C7A1E924EA800CF0B57 /* Release */ = {
			isa = XCBuildConfiguration;
			buildSettings = {
				ALWAYS_EMBED_SWIFT_STANDARD_LIBRARIES = YES;
				BUNDLE_LOADER = "$(TEST_HOST)";
				INFOPLIST_FILE = BeerPingTests/Info.plist;
				LD_RUNPATH_SEARCH_PATHS = "$(inherited) @executable_path/Frameworks @loader_path/Frameworks";
				PRODUCT_BUNDLE_IDENTIFIER = BeerBluds.BeerPingTests;
				PRODUCT_NAME = "$(TARGET_NAME)";
				SWIFT_VERSION = 3.0;
				TEST_HOST = "$(BUILT_PRODUCTS_DIR)/BeerPing.app/BeerPing";
			};
			name = Release;
		};
/* End XCBuildConfiguration section */

/* Begin XCConfigurationList section */
		BC784C531E924EA800CF0B57 /* Build configuration list for PBXProject "BeerPing" */ = {
			isa = XCConfigurationList;
			buildConfigurations = (
				BC784C731E924EA800CF0B57 /* Debug */,
				BC784C741E924EA800CF0B57 /* Release */,
			);
			defaultConfigurationIsVisible = 0;
			defaultConfigurationName = Release;
		};
		BC784C751E924EA800CF0B57 /* Build configuration list for PBXNativeTarget "BeerPing" */ = {
			isa = XCConfigurationList;
			buildConfigurations = (
				BC784C761E924EA800CF0B57 /* Debug */,
				BC784C771E924EA800CF0B57 /* Release */,
			);
			defaultConfigurationIsVisible = 0;
			defaultConfigurationName = Release;
		};
		BC784C781E924EA800CF0B57 /* Build configuration list for PBXNativeTarget "BeerPingTests" */ = {
			isa = XCConfigurationList;
			buildConfigurations = (
				BC784C791E924EA800CF0B57 /* Debug */,
				BC784C7A1E924EA800CF0B57 /* Release */,
			);
			defaultConfigurationIsVisible = 0;
			defaultConfigurationName = Release;
		};
/* End XCConfigurationList section */

/* Begin XCVersionGroup section */
		BCD7E7E11E9B952100490E66 /* BeerPing.xcdatamodeld */ = {
			isa = XCVersionGroup;
			children = (
				BCD7E7E21E9B952100490E66 /* BeerPing.xcdatamodel */,
			);
			currentVersion = BCD7E7E21E9B952100490E66 /* BeerPing.xcdatamodel */;
			path = BeerPing.xcdatamodeld;
			sourceTree = "<group>";
			versionGroupType = wrapper.xcdatamodel;
		};
/* End XCVersionGroup section */
	};
	rootObject = BC784C501E924EA800CF0B57 /* Project object */;
}
